
Microsoft Visual Studio Solution File, Format Version 12.00
# Visual Studio Version 16
VisualStudioVersion = 16.0.30204.135
MinimumVisualStudioVersion = 10.0.40219.1
Project("{FAE04EC0-301F-11D3-BF4B-00C04F79EFBC}") = "dekanat", "dekanat\dekanat.csproj", "{05A6EC1F-EEA7-4506-93FC-7AD1D617C670}"
EndProject
Global
	GlobalSection(SolutionConfigurationPlatforms) = preSolution
		Debug|Any CPU = Debug|Any CPU
		Release|Any CPU = Release|Any CPU
	EndGlobalSection
	GlobalSection(ProjectConfigurationPlatforms) = postSolution
		{05A6EC1F-EEA7-4506-93FC-7AD1D617C670}.Debug|Any CPU.ActiveCfg = Debug|Any CPU
		{05A6EC1F-EEA7-4506-93FC-7AD1D617C670}.Debug|Any CPU.Build.0 = Debug|Any CPU
		{05A6EC1F-EEA7-4506-93FC-7AD1D617C670}.Release|Any CPU.ActiveCfg = Release|Any CPU
		{05A6EC1F-EEA7-4506-93FC-7AD1D617C670}.Release|Any CPU.Build.0 = Release|Any CPU
	EndGlobalSection
	GlobalSection(SolutionProperties) = preSolution
		HideSolutionNode = FALSE
	EndGlobalSection
	GlobalSection(ExtensibilityGlobals) = postSolution
		SolutionGuid = {BFDB9A8A-1C6A-492A-BC8D-00EA9B317A90}
	EndGlobalSection
EndGlobal
